
Microsoft Visual Studio Solution File, Format Version 12.00
# Visual Studio Version 16
VisualStudioVersion = 16.0.29509.3
MinimumVisualStudioVersion = 10.0.40219.1
Project("{FAE04EC0-301F-11D3-BF4B-00C04F79EFBC}") = "05. Word Filter", "05. Word Filter\05. Word Filter.csproj", "{6F793398-F904-4A6A-BBC7-7521E5A6F4BE}"
EndProject
Project("{FAE04EC0-301F-11D3-BF4B-00C04F79EFBC}") = "04. Largest 3 Numbers", "04. Largest 3 Numbers\04. Largest 3 Numbers.csproj", "{A35BA499-46A9-4974-8EFA-F3D23C0893A0}"
EndProject
Project("{FAE04EC0-301F-11D3-BF4B-00C04F79EFBC}") = "03. Word Synonyms", "03. Word Synonyms\03. Word Synonyms.csproj", "{A026454B-8E89-4533-9D0A-6ED8F7CCFE62}"
EndProject
Project("{FAE04EC0-301F-11D3-BF4B-00C04F79EFBC}") = "02. Odd Occurrences", "02. Odd Occurrences\02. Odd Occurrences.csproj", "{1E24701F-9301-4717-B1D2-367F336CB1CE}"
EndProject
Project("{FAE04EC0-301F-11D3-BF4B-00C04F79EFBC}") = "01. Count Real Numbers", "01. Count Real Numbers\01. Count Real Numbers.csproj", "{44A84AD7-AFF1-4A5F-A1EA-2261520DE16B}"
EndProject
Global
	GlobalSection(SolutionConfigurationPlatforms) = preSolution
		Debug|Any CPU = Debug|Any CPU
		Release|Any CPU = Release|Any CPU
	EndGlobalSection
	GlobalSection(ProjectConfigurationPlatforms) = postSolution
		{6F793398-F904-4A6A-BBC7-7521E5A6F4BE}.Debug|Any CPU.ActiveCfg = Debug|Any CPU
		{6F793398-F904-4A6A-BBC7-7521E5A6F4BE}.Debug|Any CPU.Build.0 = Debug|Any CPU
		{6F793398-F904-4A6A-BBC7-7521E5A6F4BE}.Release|Any CPU.ActiveCfg = Release|Any CPU
		{6F793398-F904-4A6A-BBC7-7521E5A6F4BE}.Release|Any CPU.Build.0 = Release|Any CPU
		{A35BA499-46A9-4974-8EFA-F3D23C0893A0}.Debug|Any CPU.ActiveCfg = Debug|Any CPU
		{A35BA499-46A9-4974-8EFA-F3D23C0893A0}.Debug|Any CPU.Build.0 = Debug|Any CPU
		{A35BA499-46A9-4974-8EFA-F3D23C0893A0}.Release|Any CPU.ActiveCfg = Release|Any CPU
		{A35BA499-46A9-4974-8EFA-F3D23C0893A0}.Release|Any CPU.Build.0 = Release|Any CPU
		{A026454B-8E89-4533-9D0A-6ED8F7CCFE62}.Debug|Any CPU.ActiveCfg = Debug|Any CPU
		{A026454B-8E89-4533-9D0A-6ED8F7CCFE62}.Debug|Any CPU.Build.0 = Debug|Any CPU
		{A026454B-8E89-4533-9D0A-6ED8F7CCFE62}.Release|Any CPU.ActiveCfg = Release|Any CPU
		{A026454B-8E89-4533-9D0A-6ED8F7CCFE62}.Release|Any CPU.Build.0 = Release|Any CPU
		{1E24701F-9301-4717-B1D2-367F336CB1CE}.Debug|Any CPU.ActiveCfg = Debug|Any CPU
		{1E24701F-9301-4717-B1D2-367F336CB1CE}.Debug|Any CPU.Build.0 = Debug|Any CPU
		{1E24701F-9301-4717-B1D2-367F336CB1CE}.Release|Any CPU.ActiveCfg = Release|Any CPU
		{1E24701F-9301-4717-B1D2-367F336CB1CE}.Release|Any CPU.Build.0 = Release|Any CPU
		{44A84AD7-AFF1-4A5F-A1EA-2261520DE16B}.Debug|Any CPU.ActiveCfg = Debug|Any CPU
		{44A84AD7-AFF1-4A5F-A1EA-2261520DE16B}.Debug|Any CPU.Build.0 = Debug|Any CPU
		{44A84AD7-AFF1-4A5F-A1EA-2261520DE16B}.Release|Any CPU.ActiveCfg = Release|Any CPU
		{44A84AD7-AFF1-4A5F-A1EA-2261520DE16B}.Release|Any CPU.Build.0 = Release|Any CPU
	EndGlobalSection
	GlobalSection(SolutionProperties) = preSolution
		HideSolutionNode = FALSE
	EndGlobalSection
	GlobalSection(ExtensibilityGlobals) = postSolution
		SolutionGuid = {CE1236F3-B118-4889-9B74-C97AE06933D4}
	EndGlobalSection
EndGlobal
