
Microsoft Visual Studio Solution File, Format Version 12.00
# Visual Studio Version 16
VisualStudioVersion = 16.0.29509.3
MinimumVisualStudioVersion = 10.0.40219.1
Project("{FAE04EC0-301F-11D3-BF4B-00C04F79EFBC}") = "01. Warrior's Quest", "01. Warrior's Quest\01. Warrior's Quest.csproj", "{DD63B10F-0DC1-48E6-BA8D-5F0BA443AAEE}"
EndProject
Project("{FAE04EC0-301F-11D3-BF4B-00C04F79EFBC}") = "03. Hero Recruitment", "03. Hero Recruitment\03. Hero Recruitment.csproj", "{5F50A783-1DEE-4FE8-92C6-3E210068CB1A}"
EndProject
Global
	GlobalSection(SolutionConfigurationPlatforms) = preSolution
		Debug|Any CPU = Debug|Any CPU
		Release|Any CPU = Release|Any CPU
	EndGlobalSection
	GlobalSection(ProjectConfigurationPlatforms) = postSolution
		{DD63B10F-0DC1-48E6-BA8D-5F0BA443AAEE}.Debug|Any CPU.ActiveCfg = Debug|Any CPU
		{DD63B10F-0DC1-48E6-BA8D-5F0BA443AAEE}.Debug|Any CPU.Build.0 = Debug|Any CPU
		{DD63B10F-0DC1-48E6-BA8D-5F0BA443AAEE}.Release|Any CPU.ActiveCfg = Release|Any CPU
		{DD63B10F-0DC1-48E6-BA8D-5F0BA443AAEE}.Release|Any CPU.Build.0 = Release|Any CPU
		{5F50A783-1DEE-4FE8-92C6-3E210068CB1A}.Debug|Any CPU.ActiveCfg = Debug|Any CPU
		{5F50A783-1DEE-4FE8-92C6-3E210068CB1A}.Debug|Any CPU.Build.0 = Debug|Any CPU
		{5F50A783-1DEE-4FE8-92C6-3E210068CB1A}.Release|Any CPU.ActiveCfg = Release|Any CPU
		{5F50A783-1DEE-4FE8-92C6-3E210068CB1A}.Release|Any CPU.Build.0 = Release|Any CPU
	EndGlobalSection
	GlobalSection(SolutionProperties) = preSolution
		HideSolutionNode = FALSE
	EndGlobalSection
	GlobalSection(ExtensibilityGlobals) = postSolution
		SolutionGuid = {34801044-B117-4740-BBA1-8673AAA0CDFC}
	EndGlobalSection
EndGlobal
