
Microsoft Visual Studio Solution File, Format Version 12.00
# Visual Studio Version 16
VisualStudioVersion = 16.0.29509.3
MinimumVisualStudioVersion = 10.0.40219.1
Project("{9A19103F-16F7-4668-BE54-9A1E7A4F7556}") = "01. Warrior's Quest", "01. Warrior's Quest\01. Warrior's Quest.csproj", "{DD63B10F-0DC1-48E6-BA8D-5F0BA443AAEE}"
EndProject
Project("{9A19103F-16F7-4668-BE54-9A1E7A4F7556}") = "03. Hero Recruitment", "03. Hero Recruitment\03. Hero Recruitment.csproj", "{5F50A783-1DEE-4FE8-92C6-3E210068CB1A}"
EndProject
Project("{9A19103F-16F7-4668-BE54-9A1E7A4F7556}") = "02. Boss Rush", "02. Boss Rush\02. Boss Rush.csproj", "{A0157F4D-E7AF-4F25-99D8-A03FECB76B28}"
EndProject
Project("{9A19103F-16F7-4668-BE54-9A1E7A4F7556}") = "01. Email Validator", "01. Email Validator\01. Email Validator.csproj", "{B6F25442-B954-44E2-8C24-166D049B4F5C}"
EndProject
Project("{9A19103F-16F7-4668-BE54-9A1E7A4F7556}") = "02. Registration", "02. Registration\02. Registration.csproj", "{2C2682BF-2DBA-4A94-8F7E-736286BEF53C}"
EndProject
Project("{9A19103F-16F7-4668-BE54-9A1E7A4F7556}") = "03. Inbox Manager", "03. Inbox Manager\03. Inbox Manager.csproj", "{E6126C15-6E51-496C-91B1-E39D5D20914F}"
EndProject
Project("{9A19103F-16F7-4668-BE54-9A1E7A4F7556}") = "02. Message Translator", "02. Message Translator\02. Message Translator.csproj", "{8EB2EA00-2549-4987-8758-B0BE586B4FCF}"
EndProject
Project("{9A19103F-16F7-4668-BE54-9A1E7A4F7556}") = "01. Nikulden’s Charity", "01. Nikulden’s Charity\01. Nikulden’s Charity.csproj", "{82949BAC-B2D6-4583-9960-51E578BBEE96}"
EndProject
Project("{FAE04EC0-301F-11D3-BF4B-00C04F79EFBC}") = "03. Nikulden’s meals", "03. Nikulden’s meals\03. Nikulden’s meals.csproj", "{F009C25E-0744-4219-9B65-1A769C827C3C}"
EndProject
Project("{FAE04EC0-301F-11D3-BF4B-00C04F79EFBC}") = "02. Password", "02. Password\02. Password.csproj", "{C96ABE50-1E63-4045-8743-2CD26E72CC25}"
EndProject
Project("{FAE04EC0-301F-11D3-BF4B-00C04F79EFBC}") = "Username", "Username\Username.csproj", "{555BB1FB-F0C7-46E8-8395-CDA86CD24A96}"
EndProject
Global
	GlobalSection(SolutionConfigurationPlatforms) = preSolution
		Debug|Any CPU = Debug|Any CPU
		Release|Any CPU = Release|Any CPU
	EndGlobalSection
	GlobalSection(ProjectConfigurationPlatforms) = postSolution
		{DD63B10F-0DC1-48E6-BA8D-5F0BA443AAEE}.Debug|Any CPU.ActiveCfg = Debug|Any CPU
		{DD63B10F-0DC1-48E6-BA8D-5F0BA443AAEE}.Debug|Any CPU.Build.0 = Debug|Any CPU
		{DD63B10F-0DC1-48E6-BA8D-5F0BA443AAEE}.Release|Any CPU.ActiveCfg = Release|Any CPU
		{DD63B10F-0DC1-48E6-BA8D-5F0BA443AAEE}.Release|Any CPU.Build.0 = Release|Any CPU
		{5F50A783-1DEE-4FE8-92C6-3E210068CB1A}.Debug|Any CPU.ActiveCfg = Debug|Any CPU
		{5F50A783-1DEE-4FE8-92C6-3E210068CB1A}.Debug|Any CPU.Build.0 = Debug|Any CPU
		{5F50A783-1DEE-4FE8-92C6-3E210068CB1A}.Release|Any CPU.ActiveCfg = Release|Any CPU
		{5F50A783-1DEE-4FE8-92C6-3E210068CB1A}.Release|Any CPU.Build.0 = Release|Any CPU
		{A0157F4D-E7AF-4F25-99D8-A03FECB76B28}.Debug|Any CPU.ActiveCfg = Debug|Any CPU
		{A0157F4D-E7AF-4F25-99D8-A03FECB76B28}.Debug|Any CPU.Build.0 = Debug|Any CPU
		{A0157F4D-E7AF-4F25-99D8-A03FECB76B28}.Release|Any CPU.ActiveCfg = Release|Any CPU
		{A0157F4D-E7AF-4F25-99D8-A03FECB76B28}.Release|Any CPU.Build.0 = Release|Any CPU
		{B6F25442-B954-44E2-8C24-166D049B4F5C}.Debug|Any CPU.ActiveCfg = Debug|Any CPU
		{B6F25442-B954-44E2-8C24-166D049B4F5C}.Debug|Any CPU.Build.0 = Debug|Any CPU
		{B6F25442-B954-44E2-8C24-166D049B4F5C}.Release|Any CPU.ActiveCfg = Release|Any CPU
		{B6F25442-B954-44E2-8C24-166D049B4F5C}.Release|Any CPU.Build.0 = Release|Any CPU
		{2C2682BF-2DBA-4A94-8F7E-736286BEF53C}.Debug|Any CPU.ActiveCfg = Debug|Any CPU
		{2C2682BF-2DBA-4A94-8F7E-736286BEF53C}.Debug|Any CPU.Build.0 = Debug|Any CPU
		{2C2682BF-2DBA-4A94-8F7E-736286BEF53C}.Release|Any CPU.ActiveCfg = Release|Any CPU
		{2C2682BF-2DBA-4A94-8F7E-736286BEF53C}.Release|Any CPU.Build.0 = Release|Any CPU
		{E6126C15-6E51-496C-91B1-E39D5D20914F}.Debug|Any CPU.ActiveCfg = Debug|Any CPU
		{E6126C15-6E51-496C-91B1-E39D5D20914F}.Debug|Any CPU.Build.0 = Debug|Any CPU
		{E6126C15-6E51-496C-91B1-E39D5D20914F}.Release|Any CPU.ActiveCfg = Release|Any CPU
		{E6126C15-6E51-496C-91B1-E39D5D20914F}.Release|Any CPU.Build.0 = Release|Any CPU
		{8EB2EA00-2549-4987-8758-B0BE586B4FCF}.Debug|Any CPU.ActiveCfg = Debug|Any CPU
		{8EB2EA00-2549-4987-8758-B0BE586B4FCF}.Debug|Any CPU.Build.0 = Debug|Any CPU
		{8EB2EA00-2549-4987-8758-B0BE586B4FCF}.Release|Any CPU.ActiveCfg = Release|Any CPU
		{8EB2EA00-2549-4987-8758-B0BE586B4FCF}.Release|Any CPU.Build.0 = Release|Any CPU
		{82949BAC-B2D6-4583-9960-51E578BBEE96}.Debug|Any CPU.ActiveCfg = Debug|Any CPU
		{82949BAC-B2D6-4583-9960-51E578BBEE96}.Debug|Any CPU.Build.0 = Debug|Any CPU
		{82949BAC-B2D6-4583-9960-51E578BBEE96}.Release|Any CPU.ActiveCfg = Release|Any CPU
		{82949BAC-B2D6-4583-9960-51E578BBEE96}.Release|Any CPU.Build.0 = Release|Any CPU
		{F009C25E-0744-4219-9B65-1A769C827C3C}.Debug|Any CPU.ActiveCfg = Debug|Any CPU
		{F009C25E-0744-4219-9B65-1A769C827C3C}.Debug|Any CPU.Build.0 = Debug|Any CPU
		{F009C25E-0744-4219-9B65-1A769C827C3C}.Release|Any CPU.ActiveCfg = Release|Any CPU
		{F009C25E-0744-4219-9B65-1A769C827C3C}.Release|Any CPU.Build.0 = Release|Any CPU
		{C96ABE50-1E63-4045-8743-2CD26E72CC25}.Debug|Any CPU.ActiveCfg = Debug|Any CPU
		{C96ABE50-1E63-4045-8743-2CD26E72CC25}.Debug|Any CPU.Build.0 = Debug|Any CPU
		{C96ABE50-1E63-4045-8743-2CD26E72CC25}.Release|Any CPU.ActiveCfg = Release|Any CPU
		{C96ABE50-1E63-4045-8743-2CD26E72CC25}.Release|Any CPU.Build.0 = Release|Any CPU
		{555BB1FB-F0C7-46E8-8395-CDA86CD24A96}.Debug|Any CPU.ActiveCfg = Debug|Any CPU
		{555BB1FB-F0C7-46E8-8395-CDA86CD24A96}.Debug|Any CPU.Build.0 = Debug|Any CPU
		{555BB1FB-F0C7-46E8-8395-CDA86CD24A96}.Release|Any CPU.ActiveCfg = Release|Any CPU
		{555BB1FB-F0C7-46E8-8395-CDA86CD24A96}.Release|Any CPU.Build.0 = Release|Any CPU
	EndGlobalSection
	GlobalSection(SolutionProperties) = preSolution
		HideSolutionNode = FALSE
	EndGlobalSection
	GlobalSection(ExtensibilityGlobals) = postSolution
		SolutionGuid = {34801044-B117-4740-BBA1-8673AAA0CDFC}
	EndGlobalSection
EndGlobal
