
Microsoft Visual Studio Solution File, Format Version 12.00
# Visual Studio Version 16
VisualStudioVersion = 16.0.29509.3
MinimumVisualStudioVersion = 10.0.40219.1
Project("{9A19103F-16F7-4668-BE54-9A1E7A4F7556}") = "01. Match Full Name", "01. Match Full Name\01. Match Full Name.csproj", "{CC1E452B-DD6C-4595-A4EE-CAC4B9BC95BC}"
EndProject
Project("{9A19103F-16F7-4668-BE54-9A1E7A4F7556}") = "02. Match Phone Number", "02. Match Phone Number\02. Match Phone Number.csproj", "{A1A18EBA-382E-4BD0-8FB0-3783DEF95960}"
EndProject
Project("{FAE04EC0-301F-11D3-BF4B-00C04F79EFBC}") = "03. Match Dates", "03. Match Dates\03. Match Dates.csproj", "{6A6E7637-E6E1-4B55-A7F2-7C78316E1C45}"
EndProject
Global
	GlobalSection(SolutionConfigurationPlatforms) = preSolution
		Debug|Any CPU = Debug|Any CPU
		Release|Any CPU = Release|Any CPU
	EndGlobalSection
	GlobalSection(ProjectConfigurationPlatforms) = postSolution
		{CC1E452B-DD6C-4595-A4EE-CAC4B9BC95BC}.Debug|Any CPU.ActiveCfg = Debug|Any CPU
		{CC1E452B-DD6C-4595-A4EE-CAC4B9BC95BC}.Debug|Any CPU.Build.0 = Debug|Any CPU
		{CC1E452B-DD6C-4595-A4EE-CAC4B9BC95BC}.Release|Any CPU.ActiveCfg = Release|Any CPU
		{CC1E452B-DD6C-4595-A4EE-CAC4B9BC95BC}.Release|Any CPU.Build.0 = Release|Any CPU
		{A1A18EBA-382E-4BD0-8FB0-3783DEF95960}.Debug|Any CPU.ActiveCfg = Debug|Any CPU
		{A1A18EBA-382E-4BD0-8FB0-3783DEF95960}.Debug|Any CPU.Build.0 = Debug|Any CPU
		{A1A18EBA-382E-4BD0-8FB0-3783DEF95960}.Release|Any CPU.ActiveCfg = Release|Any CPU
		{A1A18EBA-382E-4BD0-8FB0-3783DEF95960}.Release|Any CPU.Build.0 = Release|Any CPU
		{6A6E7637-E6E1-4B55-A7F2-7C78316E1C45}.Debug|Any CPU.ActiveCfg = Debug|Any CPU
		{6A6E7637-E6E1-4B55-A7F2-7C78316E1C45}.Debug|Any CPU.Build.0 = Debug|Any CPU
		{6A6E7637-E6E1-4B55-A7F2-7C78316E1C45}.Release|Any CPU.ActiveCfg = Release|Any CPU
		{6A6E7637-E6E1-4B55-A7F2-7C78316E1C45}.Release|Any CPU.Build.0 = Release|Any CPU
	EndGlobalSection
	GlobalSection(SolutionProperties) = preSolution
		HideSolutionNode = FALSE
	EndGlobalSection
	GlobalSection(ExtensibilityGlobals) = postSolution
		SolutionGuid = {762B7CF1-6DBB-49BD-9D45-E7B61693D5D8}
	EndGlobalSection
EndGlobal
