
Microsoft Visual Studio Solution File, Format Version 12.00
# Visual Studio Version 16
VisualStudioVersion = 16.0.29509.3
MinimumVisualStudioVersion = 10.0.40219.1
Project("{9A19103F-16F7-4668-BE54-9A1E7A4F7556}") = "Number Array", "Number Array\Number Array.csproj", "{871502AF-EAF7-4EC5-8498-6E51CDD66D8D}"
EndProject
Project("{9A19103F-16F7-4668-BE54-9A1E7A4F7556}") = "Contact List", "Contact List\Contact List.csproj", "{DE6F9024-5C7A-438F-80B5-0D7D906F430C}"
EndProject
Project("{9A19103F-16F7-4668-BE54-9A1E7A4F7556}") = "Distance Calculator", "Distance Calculator\Distance Calculator.csproj", "{E72B938E-8FEA-4F21-AEC1-A4DB1B925D35}"
EndProject
Project("{9A19103F-16F7-4668-BE54-9A1E7A4F7556}") = "01. Biscuits Factory", "01. Biscuits Factory\01. Biscuits Factory.csproj", "{FF80C224-1243-4BA2-B862-6113FE907368}"
EndProject
Project("{9A19103F-16F7-4668-BE54-9A1E7A4F7556}") = "02. Weaponsmith", "02. Weaponsmith\02. Weaponsmith.csproj", "{92BCF3C6-4735-4277-A570-11743466C875}"
EndProject
Project("{9A19103F-16F7-4668-BE54-9A1E7A4F7556}") = "03. Wizard Poker", "03. Wizard Poker\03. Wizard Poker.csproj", "{30751DBF-999A-4A13-BE8D-0773DA95D516}"
EndProject
Project("{9A19103F-16F7-4668-BE54-9A1E7A4F7556}") = "01. Disneyland Journey", "01. Disneyland Journey\01. Disneyland Journey.csproj", "{5F4234ED-02EC-4664-B150-B3B1632FD031}"
EndProject
Project("{9A19103F-16F7-4668-BE54-9A1E7A4F7556}") = "02. Archery Tournament", "02. Archery Tournament\02. Archery Tournament.csproj", "{1ADBBBCE-2F9C-4FA5-911F-14C07FD742F3}"
EndProject
Project("{9A19103F-16F7-4668-BE54-9A1E7A4F7556}") = "03. School Library", "03. School Library\03. School Library.csproj", "{7CC00D08-D046-4A2E-9E3F-0ED386B09D19}"
EndProject
Project("{9A19103F-16F7-4668-BE54-9A1E7A4F7556}") = "03. Tanks Collector", "03. Tanks Collector\03. Tanks Collector.csproj", "{D19ED4FE-2DB3-46F6-A1AC-38DC5CEB6463}"
EndProject
Project("{9A19103F-16F7-4668-BE54-9A1E7A4F7556}") = "02. Friendlist Maintenance", "02. Friendlist Maintenance\02. Friendlist Maintenance.csproj", "{09077EE9-E2B3-4FA4-B718-169F40E6E060}"
EndProject
Project("{9A19103F-16F7-4668-BE54-9A1E7A4F7556}") = "01. Experience Gaining", "01. Experience Gaining\01. Experience Gaining.csproj", "{6C9F9A53-F73D-43B3-8B26-5B46533B582B}"
EndProject
Project("{9A19103F-16F7-4668-BE54-9A1E7A4F7556}") = "Black Flag", "Black Flag\Black Flag.csproj", "{420BDA22-64FC-4FA7-852D-4E11FCF385B3}"
EndProject
Project("{9A19103F-16F7-4668-BE54-9A1E7A4F7556}") = "Treasure Hunt", "Treasure Hunt\Treasure Hunt.csproj", "{ADAFAD74-247A-48AC-A3D9-79CF31455728}"
EndProject
Project("{9A19103F-16F7-4668-BE54-9A1E7A4F7556}") = "Man O War", "Man O War\Man O War.csproj", "{57098C57-9AE1-42E5-B513-EB1A2DCDFDCF}"
EndProject
Project("{9A19103F-16F7-4668-BE54-9A1E7A4F7556}") = "Froggy Squad", "Froggy Squad\Froggy Squad.csproj", "{1C17DE07-9DE1-4CD6-B054-C969D75F6097}"
EndProject
Project("{9A19103F-16F7-4668-BE54-9A1E7A4F7556}") = "Tasks Planner", "Tasks Planner\Tasks Planner.csproj", "{6CF8C3C4-7C33-44BA-B221-67980BB8560F}"
EndProject
Project("{9A19103F-16F7-4668-BE54-9A1E7A4F7556}") = "03. Easter Shopping", "03. Easter Shopping\03. Easter Shopping.csproj", "{03B33CCF-D591-4C54-99CC-30EE2A980972}"
EndProject
Project("{9A19103F-16F7-4668-BE54-9A1E7A4F7556}") = "02. Easter Gifts", "02. Easter Gifts\02. Easter Gifts.csproj", "{B57472C8-39ED-4303-87CE-E50C2A689123}"
EndProject
Project("{FAE04EC0-301F-11D3-BF4B-00C04F79EFBC}") = "03. Inventory", "03. Inventory\03. Inventory.csproj", "{EF56760B-AD74-4CF6-B48A-8C7E4A8B29AF}"
EndProject
Project("{FAE04EC0-301F-11D3-BF4B-00C04F79EFBC}") = "02. MuOnline", "02. MuOnline\02. MuOnline.csproj", "{E2804D75-880E-4E0E-86E6-65057F76B86B}"
EndProject
Project("{FAE04EC0-301F-11D3-BF4B-00C04F79EFBC}") = "01. Bonus Scoring System", "01. Bonus Scoring System\01. Bonus Scoring System.csproj", "{CDF87FE6-1A1F-41D2-B0A0-BD91B780069B}"
EndProject
Global
	GlobalSection(SolutionConfigurationPlatforms) = preSolution
		Debug|Any CPU = Debug|Any CPU
		Release|Any CPU = Release|Any CPU
	EndGlobalSection
	GlobalSection(ProjectConfigurationPlatforms) = postSolution
		{871502AF-EAF7-4EC5-8498-6E51CDD66D8D}.Debug|Any CPU.ActiveCfg = Debug|Any CPU
		{871502AF-EAF7-4EC5-8498-6E51CDD66D8D}.Debug|Any CPU.Build.0 = Debug|Any CPU
		{871502AF-EAF7-4EC5-8498-6E51CDD66D8D}.Release|Any CPU.ActiveCfg = Release|Any CPU
		{871502AF-EAF7-4EC5-8498-6E51CDD66D8D}.Release|Any CPU.Build.0 = Release|Any CPU
		{DE6F9024-5C7A-438F-80B5-0D7D906F430C}.Debug|Any CPU.ActiveCfg = Debug|Any CPU
		{DE6F9024-5C7A-438F-80B5-0D7D906F430C}.Debug|Any CPU.Build.0 = Debug|Any CPU
		{DE6F9024-5C7A-438F-80B5-0D7D906F430C}.Release|Any CPU.ActiveCfg = Release|Any CPU
		{DE6F9024-5C7A-438F-80B5-0D7D906F430C}.Release|Any CPU.Build.0 = Release|Any CPU
		{E72B938E-8FEA-4F21-AEC1-A4DB1B925D35}.Debug|Any CPU.ActiveCfg = Debug|Any CPU
		{E72B938E-8FEA-4F21-AEC1-A4DB1B925D35}.Debug|Any CPU.Build.0 = Debug|Any CPU
		{E72B938E-8FEA-4F21-AEC1-A4DB1B925D35}.Release|Any CPU.ActiveCfg = Release|Any CPU
		{E72B938E-8FEA-4F21-AEC1-A4DB1B925D35}.Release|Any CPU.Build.0 = Release|Any CPU
		{FF80C224-1243-4BA2-B862-6113FE907368}.Debug|Any CPU.ActiveCfg = Debug|Any CPU
		{FF80C224-1243-4BA2-B862-6113FE907368}.Debug|Any CPU.Build.0 = Debug|Any CPU
		{FF80C224-1243-4BA2-B862-6113FE907368}.Release|Any CPU.ActiveCfg = Release|Any CPU
		{FF80C224-1243-4BA2-B862-6113FE907368}.Release|Any CPU.Build.0 = Release|Any CPU
		{92BCF3C6-4735-4277-A570-11743466C875}.Debug|Any CPU.ActiveCfg = Debug|Any CPU
		{92BCF3C6-4735-4277-A570-11743466C875}.Debug|Any CPU.Build.0 = Debug|Any CPU
		{92BCF3C6-4735-4277-A570-11743466C875}.Release|Any CPU.ActiveCfg = Release|Any CPU
		{92BCF3C6-4735-4277-A570-11743466C875}.Release|Any CPU.Build.0 = Release|Any CPU
		{30751DBF-999A-4A13-BE8D-0773DA95D516}.Debug|Any CPU.ActiveCfg = Debug|Any CPU
		{30751DBF-999A-4A13-BE8D-0773DA95D516}.Debug|Any CPU.Build.0 = Debug|Any CPU
		{30751DBF-999A-4A13-BE8D-0773DA95D516}.Release|Any CPU.ActiveCfg = Release|Any CPU
		{30751DBF-999A-4A13-BE8D-0773DA95D516}.Release|Any CPU.Build.0 = Release|Any CPU
		{5F4234ED-02EC-4664-B150-B3B1632FD031}.Debug|Any CPU.ActiveCfg = Debug|Any CPU
		{5F4234ED-02EC-4664-B150-B3B1632FD031}.Debug|Any CPU.Build.0 = Debug|Any CPU
		{5F4234ED-02EC-4664-B150-B3B1632FD031}.Release|Any CPU.ActiveCfg = Release|Any CPU
		{5F4234ED-02EC-4664-B150-B3B1632FD031}.Release|Any CPU.Build.0 = Release|Any CPU
		{1ADBBBCE-2F9C-4FA5-911F-14C07FD742F3}.Debug|Any CPU.ActiveCfg = Debug|Any CPU
		{1ADBBBCE-2F9C-4FA5-911F-14C07FD742F3}.Debug|Any CPU.Build.0 = Debug|Any CPU
		{1ADBBBCE-2F9C-4FA5-911F-14C07FD742F3}.Release|Any CPU.ActiveCfg = Release|Any CPU
		{1ADBBBCE-2F9C-4FA5-911F-14C07FD742F3}.Release|Any CPU.Build.0 = Release|Any CPU
		{7CC00D08-D046-4A2E-9E3F-0ED386B09D19}.Debug|Any CPU.ActiveCfg = Debug|Any CPU
		{7CC00D08-D046-4A2E-9E3F-0ED386B09D19}.Debug|Any CPU.Build.0 = Debug|Any CPU
		{7CC00D08-D046-4A2E-9E3F-0ED386B09D19}.Release|Any CPU.ActiveCfg = Release|Any CPU
		{7CC00D08-D046-4A2E-9E3F-0ED386B09D19}.Release|Any CPU.Build.0 = Release|Any CPU
		{D19ED4FE-2DB3-46F6-A1AC-38DC5CEB6463}.Debug|Any CPU.ActiveCfg = Debug|Any CPU
		{D19ED4FE-2DB3-46F6-A1AC-38DC5CEB6463}.Debug|Any CPU.Build.0 = Debug|Any CPU
		{D19ED4FE-2DB3-46F6-A1AC-38DC5CEB6463}.Release|Any CPU.ActiveCfg = Release|Any CPU
		{D19ED4FE-2DB3-46F6-A1AC-38DC5CEB6463}.Release|Any CPU.Build.0 = Release|Any CPU
		{09077EE9-E2B3-4FA4-B718-169F40E6E060}.Debug|Any CPU.ActiveCfg = Debug|Any CPU
		{09077EE9-E2B3-4FA4-B718-169F40E6E060}.Debug|Any CPU.Build.0 = Debug|Any CPU
		{09077EE9-E2B3-4FA4-B718-169F40E6E060}.Release|Any CPU.ActiveCfg = Release|Any CPU
		{09077EE9-E2B3-4FA4-B718-169F40E6E060}.Release|Any CPU.Build.0 = Release|Any CPU
		{6C9F9A53-F73D-43B3-8B26-5B46533B582B}.Debug|Any CPU.ActiveCfg = Debug|Any CPU
		{6C9F9A53-F73D-43B3-8B26-5B46533B582B}.Debug|Any CPU.Build.0 = Debug|Any CPU
		{6C9F9A53-F73D-43B3-8B26-5B46533B582B}.Release|Any CPU.ActiveCfg = Release|Any CPU
		{6C9F9A53-F73D-43B3-8B26-5B46533B582B}.Release|Any CPU.Build.0 = Release|Any CPU
		{420BDA22-64FC-4FA7-852D-4E11FCF385B3}.Debug|Any CPU.ActiveCfg = Debug|Any CPU
		{420BDA22-64FC-4FA7-852D-4E11FCF385B3}.Debug|Any CPU.Build.0 = Debug|Any CPU
		{420BDA22-64FC-4FA7-852D-4E11FCF385B3}.Release|Any CPU.ActiveCfg = Release|Any CPU
		{420BDA22-64FC-4FA7-852D-4E11FCF385B3}.Release|Any CPU.Build.0 = Release|Any CPU
		{ADAFAD74-247A-48AC-A3D9-79CF31455728}.Debug|Any CPU.ActiveCfg = Debug|Any CPU
		{ADAFAD74-247A-48AC-A3D9-79CF31455728}.Debug|Any CPU.Build.0 = Debug|Any CPU
		{ADAFAD74-247A-48AC-A3D9-79CF31455728}.Release|Any CPU.ActiveCfg = Release|Any CPU
		{ADAFAD74-247A-48AC-A3D9-79CF31455728}.Release|Any CPU.Build.0 = Release|Any CPU
		{57098C57-9AE1-42E5-B513-EB1A2DCDFDCF}.Debug|Any CPU.ActiveCfg = Debug|Any CPU
		{57098C57-9AE1-42E5-B513-EB1A2DCDFDCF}.Debug|Any CPU.Build.0 = Debug|Any CPU
		{57098C57-9AE1-42E5-B513-EB1A2DCDFDCF}.Release|Any CPU.ActiveCfg = Release|Any CPU
		{57098C57-9AE1-42E5-B513-EB1A2DCDFDCF}.Release|Any CPU.Build.0 = Release|Any CPU
		{1C17DE07-9DE1-4CD6-B054-C969D75F6097}.Debug|Any CPU.ActiveCfg = Debug|Any CPU
		{1C17DE07-9DE1-4CD6-B054-C969D75F6097}.Debug|Any CPU.Build.0 = Debug|Any CPU
		{1C17DE07-9DE1-4CD6-B054-C969D75F6097}.Release|Any CPU.ActiveCfg = Release|Any CPU
		{1C17DE07-9DE1-4CD6-B054-C969D75F6097}.Release|Any CPU.Build.0 = Release|Any CPU
		{6CF8C3C4-7C33-44BA-B221-67980BB8560F}.Debug|Any CPU.ActiveCfg = Debug|Any CPU
		{6CF8C3C4-7C33-44BA-B221-67980BB8560F}.Debug|Any CPU.Build.0 = Debug|Any CPU
		{6CF8C3C4-7C33-44BA-B221-67980BB8560F}.Release|Any CPU.ActiveCfg = Release|Any CPU
		{6CF8C3C4-7C33-44BA-B221-67980BB8560F}.Release|Any CPU.Build.0 = Release|Any CPU
		{03B33CCF-D591-4C54-99CC-30EE2A980972}.Debug|Any CPU.ActiveCfg = Debug|Any CPU
		{03B33CCF-D591-4C54-99CC-30EE2A980972}.Debug|Any CPU.Build.0 = Debug|Any CPU
		{03B33CCF-D591-4C54-99CC-30EE2A980972}.Release|Any CPU.ActiveCfg = Release|Any CPU
		{03B33CCF-D591-4C54-99CC-30EE2A980972}.Release|Any CPU.Build.0 = Release|Any CPU
		{B57472C8-39ED-4303-87CE-E50C2A689123}.Debug|Any CPU.ActiveCfg = Debug|Any CPU
		{B57472C8-39ED-4303-87CE-E50C2A689123}.Debug|Any CPU.Build.0 = Debug|Any CPU
		{B57472C8-39ED-4303-87CE-E50C2A689123}.Release|Any CPU.ActiveCfg = Release|Any CPU
		{B57472C8-39ED-4303-87CE-E50C2A689123}.Release|Any CPU.Build.0 = Release|Any CPU
		{EF56760B-AD74-4CF6-B48A-8C7E4A8B29AF}.Debug|Any CPU.ActiveCfg = Debug|Any CPU
		{EF56760B-AD74-4CF6-B48A-8C7E4A8B29AF}.Debug|Any CPU.Build.0 = Debug|Any CPU
		{EF56760B-AD74-4CF6-B48A-8C7E4A8B29AF}.Release|Any CPU.ActiveCfg = Release|Any CPU
		{EF56760B-AD74-4CF6-B48A-8C7E4A8B29AF}.Release|Any CPU.Build.0 = Release|Any CPU
		{E2804D75-880E-4E0E-86E6-65057F76B86B}.Debug|Any CPU.ActiveCfg = Debug|Any CPU
		{E2804D75-880E-4E0E-86E6-65057F76B86B}.Debug|Any CPU.Build.0 = Debug|Any CPU
		{E2804D75-880E-4E0E-86E6-65057F76B86B}.Release|Any CPU.ActiveCfg = Release|Any CPU
		{E2804D75-880E-4E0E-86E6-65057F76B86B}.Release|Any CPU.Build.0 = Release|Any CPU
		{CDF87FE6-1A1F-41D2-B0A0-BD91B780069B}.Debug|Any CPU.ActiveCfg = Debug|Any CPU
		{CDF87FE6-1A1F-41D2-B0A0-BD91B780069B}.Debug|Any CPU.Build.0 = Debug|Any CPU
		{CDF87FE6-1A1F-41D2-B0A0-BD91B780069B}.Release|Any CPU.ActiveCfg = Release|Any CPU
		{CDF87FE6-1A1F-41D2-B0A0-BD91B780069B}.Release|Any CPU.Build.0 = Release|Any CPU
	EndGlobalSection
	GlobalSection(SolutionProperties) = preSolution
		HideSolutionNode = FALSE
	EndGlobalSection
	GlobalSection(ExtensibilityGlobals) = postSolution
		SolutionGuid = {CE3C4A07-3E9A-4429-8265-1061B94BC5EE}
	EndGlobalSection
EndGlobal
