
Microsoft Visual Studio Solution File, Format Version 12.00
# Visual Studio Version 16
VisualStudioVersion = 16.0.29509.3
MinimumVisualStudioVersion = 10.0.40219.1
Project("{FAE04EC0-301F-11D3-BF4B-00C04F79EFBC}") = "11. Array Manipulator", "11. Array Manipulator\11. Array Manipulator.csproj", "{B840845D-4CED-492E-944D-F8E106DAF3E8}"
EndProject
Project("{FAE04EC0-301F-11D3-BF4B-00C04F79EFBC}") = "04. Password Validator", "04. Password Validator\04. Password Validator.csproj", "{898AA671-45CE-49B7-A8F7-60C4118EF626}"
EndProject
Project("{FAE04EC0-301F-11D3-BF4B-00C04F79EFBC}") = "03. Characters in Range", "03. Characters in Range\03. Characters in Range.csproj", "{273C85CF-285B-4756-95CD-CF83FABB569D}"
EndProject
Project("{FAE04EC0-301F-11D3-BF4B-00C04F79EFBC}") = "10. Top Number", "10. Top Number\10. Top Number.csproj", "{5A4E9ADD-2BB6-4554-BE34-C46623D472F6}"
EndProject
Project("{FAE04EC0-301F-11D3-BF4B-00C04F79EFBC}") = "09. Palindrome Integers", "09. Palindrome Integers\09. Palindrome Integers.csproj", "{9780BAB0-726F-42D7-8FC7-C87462B937E6}"
EndProject
Project("{FAE04EC0-301F-11D3-BF4B-00C04F79EFBC}") = "08. Factorial Division", "08. Factorial Division\08. Factorial Division.csproj", "{2E01CF0A-F76B-40E8-926E-875B2BDD0651}"
EndProject
Project("{FAE04EC0-301F-11D3-BF4B-00C04F79EFBC}") = "07. NxN Matrix", "07. NxN Matrix\07. NxN Matrix.csproj", "{54F39107-ECB9-4609-ACCC-97A5D8EADA5E}"
EndProject
Project("{FAE04EC0-301F-11D3-BF4B-00C04F79EFBC}") = "06. Middle Characters", "06. Middle Characters\06. Middle Characters.csproj", "{CBC8D4EE-47FD-4D04-8D17-ED4459AA41E4}"
EndProject
Project("{FAE04EC0-301F-11D3-BF4B-00C04F79EFBC}") = "05. Add and Subtract", "05. Add and Subtract\05. Add and Subtract.csproj", "{47C1AE99-D014-4AAA-BE25-99CE7C3DE0EE}"
EndProject
Project("{FAE04EC0-301F-11D3-BF4B-00C04F79EFBC}") = "02. Vowels Count", "02. Vowels Count\02. Vowels Count.csproj", "{B2805621-6A8B-4388-B1A8-CDF887DA18A2}"
EndProject
Project("{FAE04EC0-301F-11D3-BF4B-00C04F79EFBC}") = "01. Smallest of Three Numbers", "01. Smallest of Three Numbers\01. Smallest of Three Numbers.csproj", "{2A7CE004-9F9A-45FD-82F7-514DA5CC0DA1}"
EndProject
Global
	GlobalSection(SolutionConfigurationPlatforms) = preSolution
		Debug|Any CPU = Debug|Any CPU
		Release|Any CPU = Release|Any CPU
	EndGlobalSection
	GlobalSection(ProjectConfigurationPlatforms) = postSolution
		{B840845D-4CED-492E-944D-F8E106DAF3E8}.Debug|Any CPU.ActiveCfg = Debug|Any CPU
		{B840845D-4CED-492E-944D-F8E106DAF3E8}.Debug|Any CPU.Build.0 = Debug|Any CPU
		{B840845D-4CED-492E-944D-F8E106DAF3E8}.Release|Any CPU.ActiveCfg = Release|Any CPU
		{B840845D-4CED-492E-944D-F8E106DAF3E8}.Release|Any CPU.Build.0 = Release|Any CPU
		{898AA671-45CE-49B7-A8F7-60C4118EF626}.Debug|Any CPU.ActiveCfg = Debug|Any CPU
		{898AA671-45CE-49B7-A8F7-60C4118EF626}.Debug|Any CPU.Build.0 = Debug|Any CPU
		{898AA671-45CE-49B7-A8F7-60C4118EF626}.Release|Any CPU.ActiveCfg = Release|Any CPU
		{898AA671-45CE-49B7-A8F7-60C4118EF626}.Release|Any CPU.Build.0 = Release|Any CPU
		{273C85CF-285B-4756-95CD-CF83FABB569D}.Debug|Any CPU.ActiveCfg = Debug|Any CPU
		{273C85CF-285B-4756-95CD-CF83FABB569D}.Debug|Any CPU.Build.0 = Debug|Any CPU
		{273C85CF-285B-4756-95CD-CF83FABB569D}.Release|Any CPU.ActiveCfg = Release|Any CPU
		{273C85CF-285B-4756-95CD-CF83FABB569D}.Release|Any CPU.Build.0 = Release|Any CPU
		{5A4E9ADD-2BB6-4554-BE34-C46623D472F6}.Debug|Any CPU.ActiveCfg = Debug|Any CPU
		{5A4E9ADD-2BB6-4554-BE34-C46623D472F6}.Debug|Any CPU.Build.0 = Debug|Any CPU
		{5A4E9ADD-2BB6-4554-BE34-C46623D472F6}.Release|Any CPU.ActiveCfg = Release|Any CPU
		{5A4E9ADD-2BB6-4554-BE34-C46623D472F6}.Release|Any CPU.Build.0 = Release|Any CPU
		{9780BAB0-726F-42D7-8FC7-C87462B937E6}.Debug|Any CPU.ActiveCfg = Debug|Any CPU
		{9780BAB0-726F-42D7-8FC7-C87462B937E6}.Debug|Any CPU.Build.0 = Debug|Any CPU
		{9780BAB0-726F-42D7-8FC7-C87462B937E6}.Release|Any CPU.ActiveCfg = Release|Any CPU
		{9780BAB0-726F-42D7-8FC7-C87462B937E6}.Release|Any CPU.Build.0 = Release|Any CPU
		{2E01CF0A-F76B-40E8-926E-875B2BDD0651}.Debug|Any CPU.ActiveCfg = Debug|Any CPU
		{2E01CF0A-F76B-40E8-926E-875B2BDD0651}.Debug|Any CPU.Build.0 = Debug|Any CPU
		{2E01CF0A-F76B-40E8-926E-875B2BDD0651}.Release|Any CPU.ActiveCfg = Release|Any CPU
		{2E01CF0A-F76B-40E8-926E-875B2BDD0651}.Release|Any CPU.Build.0 = Release|Any CPU
		{54F39107-ECB9-4609-ACCC-97A5D8EADA5E}.Debug|Any CPU.ActiveCfg = Debug|Any CPU
		{54F39107-ECB9-4609-ACCC-97A5D8EADA5E}.Debug|Any CPU.Build.0 = Debug|Any CPU
		{54F39107-ECB9-4609-ACCC-97A5D8EADA5E}.Release|Any CPU.ActiveCfg = Release|Any CPU
		{54F39107-ECB9-4609-ACCC-97A5D8EADA5E}.Release|Any CPU.Build.0 = Release|Any CPU
		{CBC8D4EE-47FD-4D04-8D17-ED4459AA41E4}.Debug|Any CPU.ActiveCfg = Debug|Any CPU
		{CBC8D4EE-47FD-4D04-8D17-ED4459AA41E4}.Debug|Any CPU.Build.0 = Debug|Any CPU
		{CBC8D4EE-47FD-4D04-8D17-ED4459AA41E4}.Release|Any CPU.ActiveCfg = Release|Any CPU
		{CBC8D4EE-47FD-4D04-8D17-ED4459AA41E4}.Release|Any CPU.Build.0 = Release|Any CPU
		{47C1AE99-D014-4AAA-BE25-99CE7C3DE0EE}.Debug|Any CPU.ActiveCfg = Debug|Any CPU
		{47C1AE99-D014-4AAA-BE25-99CE7C3DE0EE}.Debug|Any CPU.Build.0 = Debug|Any CPU
		{47C1AE99-D014-4AAA-BE25-99CE7C3DE0EE}.Release|Any CPU.ActiveCfg = Release|Any CPU
		{47C1AE99-D014-4AAA-BE25-99CE7C3DE0EE}.Release|Any CPU.Build.0 = Release|Any CPU
		{B2805621-6A8B-4388-B1A8-CDF887DA18A2}.Debug|Any CPU.ActiveCfg = Debug|Any CPU
		{B2805621-6A8B-4388-B1A8-CDF887DA18A2}.Debug|Any CPU.Build.0 = Debug|Any CPU
		{B2805621-6A8B-4388-B1A8-CDF887DA18A2}.Release|Any CPU.ActiveCfg = Release|Any CPU
		{B2805621-6A8B-4388-B1A8-CDF887DA18A2}.Release|Any CPU.Build.0 = Release|Any CPU
		{2A7CE004-9F9A-45FD-82F7-514DA5CC0DA1}.Debug|Any CPU.ActiveCfg = Debug|Any CPU
		{2A7CE004-9F9A-45FD-82F7-514DA5CC0DA1}.Debug|Any CPU.Build.0 = Debug|Any CPU
		{2A7CE004-9F9A-45FD-82F7-514DA5CC0DA1}.Release|Any CPU.ActiveCfg = Release|Any CPU
		{2A7CE004-9F9A-45FD-82F7-514DA5CC0DA1}.Release|Any CPU.Build.0 = Release|Any CPU
	EndGlobalSection
	GlobalSection(SolutionProperties) = preSolution
		HideSolutionNode = FALSE
	EndGlobalSection
	GlobalSection(ExtensibilityGlobals) = postSolution
		SolutionGuid = {EADF5084-580A-44E8-89BA-2C924D1EA4C0}
	EndGlobalSection
EndGlobal
